
Microsoft Visual Studio Solution File, Format Version 12.00
# Visual Studio Version 17
VisualStudioVersion = 17.11.35222.181
MinimumVisualStudioVersion = 10.0.40219.1
Project("{FAE04EC0-301F-11D3-BF4B-00C04F79EFBC}") = "Estudiantes interfaz", "Estudiantes interfaz\Estudiantes interfaz.csproj", "{5D52CD3A-1381-472D-B5EC-78E8DC6DFA48}"
EndProject
Global
	GlobalSection(SolutionConfigurationPlatforms) = preSolution
		Debug|Any CPU = Debug|Any CPU
		Release|Any CPU = Release|Any CPU
	EndGlobalSection
	GlobalSection(ProjectConfigurationPlatforms) = postSolution
		{5D52CD3A-1381-472D-B5EC-78E8DC6DFA48}.Debug|Any CPU.ActiveCfg = Debug|Any CPU
		{5D52CD3A-1381-472D-B5EC-78E8DC6DFA48}.Debug|Any CPU.Build.0 = Debug|Any CPU
		{5D52CD3A-1381-472D-B5EC-78E8DC6DFA48}.Release|Any CPU.ActiveCfg = Release|Any CPU
		{5D52CD3A-1381-472D-B5EC-78E8DC6DFA48}.Release|Any CPU.Build.0 = Release|Any CPU
	EndGlobalSection
	GlobalSection(SolutionProperties) = preSolution
		HideSolutionNode = FALSE
	EndGlobalSection
	GlobalSection(ExtensibilityGlobals) = postSolution
		SolutionGuid = {5FE86804-05DC-402B-8A5F-FC06FD77A71A}
	EndGlobalSection
EndGlobal
